<?xml version="1.0" encoding="utf-8"?>
<Project ToolsVersion="4.0" xmlns="http://schemas.microsoft.com/developer/msbuild/2003">
  <ItemGroup>
    <Filter Include="YSAoo-Engine">
      <UniqueIdentifier>{B3966DC4-9FF9-FC68-487F-351F34C1C8EB}</UniqueIdentifier>
    </Filter>
  </ItemGroup>
  <ItemGroup>
    <ClInclude Include="src\YSAoo-Engine.h" />
    <ClInclude Include="src\YSAoo-Engine\Application.h">
      <Filter>YSAoo-Engine</Filter>
    </ClInclude>
    <ClInclude Include="src\YSAoo-Engine\Core.h">
      <Filter>YSAoo-Engine</Filter>
    </ClInclude>
    <ClInclude Include="src\YSAoo-Engine\EntryPoint.h">
      <Filter>YSAoo-Engine</Filter>
    </ClInclude>
    <ClInclude Include="src\YSAoo-Engine\Log.h">
      <Filter>YSAoo-Engine</Filter>
    </ClInclude>
  </ItemGroup>
  <ItemGroup>
    <ClCompile Include="src\YSAoo-Engine\Application.cpp">
      <Filter>YSAoo-Engine</Filter>
    </ClCompile>
    <ClCompile Include="src\YSAoo-Engine\Log.cpp">
      <Filter>YSAoo-Engine</Filter>
    </ClCompile>
  </ItemGroup>
</Project>